
Microsoft Visual Studio Solution File, Format Version 12.00
# Visual Studio 14
VisualStudioVersion = 14.0.25420.1
MinimumVisualStudioVersion = 10.0.40219.1
Project("{2150E333-8FDC-42A3-9474-1A3956D46DE8}") = "Feature", "Feature", "{17DD5718-6E13-4F2C-9738-B410396D4552}"
EndProject
Project("{2150E333-8FDC-42A3-9474-1A3956D46DE8}") = "Foundation", "Foundation", "{4FDA1DCD-D33E-447E-91C1-F4AE818E2CF0}"
EndProject
Project("{2150E333-8FDC-42A3-9474-1A3956D46DE8}") = "Project", "Project", "{15D97D61-D597-42EC-B7E9-E9EC8130E630}"
EndProject
Project("{2150E333-8FDC-42A3-9474-1A3956D46DE8}") = "Configuration", "Configuration", "{ADCA10F7-A1D2-407B-8074-60418168C02E}"
	ProjectSection(SolutionItems) = preProject
		.editorconfig = .editorconfig
		.gitattributes = .gitattributes
		.gitignore = .gitignore
		nuget.config = nuget.config
		README.md = README.md
		TdsGlobal.config = TdsGlobal.config
	EndProjectSection
EndProject
Project("{2150E333-8FDC-42A3-9474-1A3956D46DE8}") = "Documentation", "Documentation", "{DAFED8F5-6CBD-4384-AAD6-DC3BCCF24911}"
	ProjectSection(SolutionItems) = preProject
		documentation\README.md = documentation\README.md
	EndProjectSection
EndProject
Project("{2150E333-8FDC-42A3-9474-1A3956D46DE8}") = "images", "images", "{D27C83D2-2EAF-4E44-A1ED-2B3C2EBB5854}"
	ProjectSection(SolutionItems) = preProject
		documentation\images\deal-with-it.gif = documentation\images\deal-with-it.gif
		documentation\images\hackathon.png = documentation\images\hackathon.png
		documentation\images\verndale.jpg = documentation\images\verndale.jpg
	EndProjectSection
EndProject
Project("{2150E333-8FDC-42A3-9474-1A3956D46DE8}") = "common", "common", "{DE4BD009-1EED-481B-B032-3112E5F8E8B0}"
EndProject
Project("{FAE04EC0-301F-11D3-BF4B-00C04F79EFBC}") = "Project.Common.Website", "src\Project\Common\code\Project.Common.Website\Project.Common.Website.csproj", "{40E12199-B305-4FE5-A73C-58E77F113E2C}"
EndProject
Project("{CAA73BB0-EF22-4D79-A57E-DF67B3BA9C80}") = "Sitecore.TDS.Master", "src\Project\Common\tds\Sitecore.TDS.Master\Sitecore.TDS.Master.scproj", "{4B74011A-D848-4AEF-AE12-6AFA0B6E6620}"
EndProject
Project("{CAA73BB0-EF22-4D79-A57E-DF67B3BA9C80}") = "Sitecore.TDS.Core", "src\Project\Common\tds\Sitecore.TDS.Core\Sitecore.TDS.Core.scproj", "{FBF8E0B1-FA4E-4128-AFF0-CAD397968A72}"
EndProject
Project("{2150E333-8FDC-42A3-9474-1A3956D46DE8}") = "Hackathon", "Hackathon", "{B7DBE783-3BAA-47F8-9365-77EA03CEB530}"
EndProject
Project("{FAE04EC0-301F-11D3-BF4B-00C04F79EFBC}") = "Project.Hackathon.Website", "src\Project\Hackathon\code\Project.Hackathon.Website\Project.Hackathon.Website.csproj", "{978F9486-DF07-4377-87BC-DEEC16489B5E}"
EndProject
Project("{CAA73BB0-EF22-4D79-A57E-DF67B3BA9C80}") = "Hackathon.Website.Master", "src\Project\Hackathon\tds\Hackathon.Website.Master\Hackathon.Website.Master.scproj", "{07B612C6-B455-4701-A7D7-CAFE159CF382}"
EndProject
Project("{CAA73BB0-EF22-4D79-A57E-DF67B3BA9C80}") = "Hackathon.Website.Content", "src\Project\Hackathon\tds\Hackathon.Website.Content\Hackathon.Website.Content.scproj", "{EB3DA5D8-7DD5-4FA9-812E-77BA0409A274}"
	ProjectSection(ProjectDependencies) = postProject
		{978F9486-DF07-4377-87BC-DEEC16489B5E} = {978F9486-DF07-4377-87BC-DEEC16489B5E}
		{07B612C6-B455-4701-A7D7-CAFE159CF382} = {07B612C6-B455-4701-A7D7-CAFE159CF382}
	EndProjectSection
EndProject
Global
	GlobalSection(SolutionConfigurationPlatforms) = preSolution
		Debug|Any CPU = Debug|Any CPU
		Release|Any CPU = Release|Any CPU
	EndGlobalSection
	GlobalSection(ProjectConfigurationPlatforms) = postSolution
		{40E12199-B305-4FE5-A73C-58E77F113E2C}.Debug|Any CPU.ActiveCfg = Debug|Any CPU
		{40E12199-B305-4FE5-A73C-58E77F113E2C}.Debug|Any CPU.Build.0 = Debug|Any CPU
		{40E12199-B305-4FE5-A73C-58E77F113E2C}.Release|Any CPU.ActiveCfg = Release|Any CPU
		{40E12199-B305-4FE5-A73C-58E77F113E2C}.Release|Any CPU.Build.0 = Release|Any CPU
		{4B74011A-D848-4AEF-AE12-6AFA0B6E6620}.Debug|Any CPU.ActiveCfg = Debug|Any CPU
		{4B74011A-D848-4AEF-AE12-6AFA0B6E6620}.Debug|Any CPU.Build.0 = Debug|Any CPU
		{4B74011A-D848-4AEF-AE12-6AFA0B6E6620}.Debug|Any CPU.Deploy.0 = Debug|Any CPU
		{4B74011A-D848-4AEF-AE12-6AFA0B6E6620}.Release|Any CPU.ActiveCfg = Release|Any CPU
		{4B74011A-D848-4AEF-AE12-6AFA0B6E6620}.Release|Any CPU.Build.0 = Release|Any CPU
		{4B74011A-D848-4AEF-AE12-6AFA0B6E6620}.Release|Any CPU.Deploy.0 = Release|Any CPU
		{FBF8E0B1-FA4E-4128-AFF0-CAD397968A72}.Debug|Any CPU.ActiveCfg = Debug|Any CPU
		{FBF8E0B1-FA4E-4128-AFF0-CAD397968A72}.Debug|Any CPU.Build.0 = Debug|Any CPU
		{FBF8E0B1-FA4E-4128-AFF0-CAD397968A72}.Debug|Any CPU.Deploy.0 = Debug|Any CPU
		{FBF8E0B1-FA4E-4128-AFF0-CAD397968A72}.Release|Any CPU.ActiveCfg = Release|Any CPU
		{FBF8E0B1-FA4E-4128-AFF0-CAD397968A72}.Release|Any CPU.Build.0 = Release|Any CPU
		{FBF8E0B1-FA4E-4128-AFF0-CAD397968A72}.Release|Any CPU.Deploy.0 = Release|Any CPU
		{978F9486-DF07-4377-87BC-DEEC16489B5E}.Debug|Any CPU.ActiveCfg = Debug|Any CPU
		{978F9486-DF07-4377-87BC-DEEC16489B5E}.Debug|Any CPU.Build.0 = Debug|Any CPU
		{978F9486-DF07-4377-87BC-DEEC16489B5E}.Release|Any CPU.ActiveCfg = Release|Any CPU
		{978F9486-DF07-4377-87BC-DEEC16489B5E}.Release|Any CPU.Build.0 = Release|Any CPU
		{07B612C6-B455-4701-A7D7-CAFE159CF382}.Debug|Any CPU.ActiveCfg = Debug|Any CPU
		{07B612C6-B455-4701-A7D7-CAFE159CF382}.Debug|Any CPU.Build.0 = Debug|Any CPU
		{07B612C6-B455-4701-A7D7-CAFE159CF382}.Debug|Any CPU.Deploy.0 = Debug|Any CPU
		{07B612C6-B455-4701-A7D7-CAFE159CF382}.Release|Any CPU.ActiveCfg = Release|Any CPU
		{07B612C6-B455-4701-A7D7-CAFE159CF382}.Release|Any CPU.Build.0 = Release|Any CPU
		{07B612C6-B455-4701-A7D7-CAFE159CF382}.Release|Any CPU.Deploy.0 = Release|Any CPU
		{EB3DA5D8-7DD5-4FA9-812E-77BA0409A274}.Debug|Any CPU.ActiveCfg = Debug|Any CPU
		{EB3DA5D8-7DD5-4FA9-812E-77BA0409A274}.Debug|Any CPU.Build.0 = Debug|Any CPU
		{EB3DA5D8-7DD5-4FA9-812E-77BA0409A274}.Debug|Any CPU.Deploy.0 = Debug|Any CPU
		{EB3DA5D8-7DD5-4FA9-812E-77BA0409A274}.Release|Any CPU.ActiveCfg = Release|Any CPU
		{EB3DA5D8-7DD5-4FA9-812E-77BA0409A274}.Release|Any CPU.Build.0 = Release|Any CPU
		{EB3DA5D8-7DD5-4FA9-812E-77BA0409A274}.Release|Any CPU.Deploy.0 = Release|Any CPU
	EndGlobalSection
	GlobalSection(SolutionProperties) = preSolution
		HideSolutionNode = FALSE
	EndGlobalSection
	GlobalSection(NestedProjects) = preSolution
		{D27C83D2-2EAF-4E44-A1ED-2B3C2EBB5854} = {DAFED8F5-6CBD-4384-AAD6-DC3BCCF24911}
		{DE4BD009-1EED-481B-B032-3112E5F8E8B0} = {15D97D61-D597-42EC-B7E9-E9EC8130E630}
		{40E12199-B305-4FE5-A73C-58E77F113E2C} = {DE4BD009-1EED-481B-B032-3112E5F8E8B0}
		{4B74011A-D848-4AEF-AE12-6AFA0B6E6620} = {DE4BD009-1EED-481B-B032-3112E5F8E8B0}
		{FBF8E0B1-FA4E-4128-AFF0-CAD397968A72} = {DE4BD009-1EED-481B-B032-3112E5F8E8B0}
		{B7DBE783-3BAA-47F8-9365-77EA03CEB530} = {15D97D61-D597-42EC-B7E9-E9EC8130E630}
		{978F9486-DF07-4377-87BC-DEEC16489B5E} = {B7DBE783-3BAA-47F8-9365-77EA03CEB530}
		{07B612C6-B455-4701-A7D7-CAFE159CF382} = {B7DBE783-3BAA-47F8-9365-77EA03CEB530}
		{EB3DA5D8-7DD5-4FA9-812E-77BA0409A274} = {B7DBE783-3BAA-47F8-9365-77EA03CEB530}
	EndGlobalSection
	GlobalSection(ExtensibilityGlobals) = postSolution
		SolutionGuid = {311DA37D-528B-43B2-A99B-E7253F841D46}
		EnterpriseLibraryConfigurationToolBinariesPathV6 = packages\EnterpriseLibrary.Common.6.0.1304.0\lib\NET45;packages\EnterpriseLibrary.TransientFaultHandling.6.0.1304.0\lib\portable-net45+win+wp8;packages\EnterpriseLibrary.TransientFaultHandling.Caching.6.0.1304.0\lib\NET45;packages\EnterpriseLibrary.TransientFaultHandling.Data.6.0.1304.1\lib\NET45;packages\EnterpriseLibrary.TransientFaultHandling.ServiceBus.6.0.1304.0\lib\NET45;packages\EnterpriseLibrary.TransientFaultHandling.WindowsAzure.Storage.6.0.1304.0\lib\NET45;packages\EnterpriseLibrary.TransientFaultHandling.Configuration.6.0.1304.0\lib\NET45
	EndGlobalSection
EndGlobal
